# This file is autogenerated, do not edit; changes may be undone by the next 'dep ensure'.


[[projects]]
  name = "github.com/fsnotify/fsnotify"
  packages = ["."]
  revision = "7d7316ed6e1ed2de075aab8dfc76de5d158d66e1"

[[projects]]
  name = "github.com/gorilla/context"
  packages = ["."]
  revision = "215affda49addc4c8ef7e2534915df2c8c35c6cd"

[[projects]]
  name = "github.com/gorilla/mux"
  packages = ["."]
  revision = "8a875a034c69b940914d83ea03d3f1299b4d094b"

[[projects]]
  name = "github.com/hashicorp/hcl"
  packages = [
    ".",
    "hcl/ast",
    "hcl/parser",
    "hcl/scanner",
    "hcl/strconv",
    "hcl/token",
    "json/parser",
    "json/scanner",
    "json/token"
  ]
  revision = "630949a3c5fa3c613328e1b8256052cbc2327c9b"

[[projects]]
  name = "github.com/magiconair/properties"
  packages = ["."]
  revision = "b3b15ef068fd0b17ddf408a23669f20811d194d2"

[[projects]]
  name = "github.com/mitchellh/mapstructure"
  packages = ["."]
  revision = "db1efb556f84b25a0a13a04aad883943538ad2e0"

[[projects]]
  name = "github.com/pelletier/go-buffruneio"
  packages = ["."]
  revision = "c37440a7cf42ac63b919c752ca73a85067e05992"
  version = "v0.2.0"

[[projects]]
  name = "github.com/pelletier/go-toml"
  packages = ["."]
  revision = "13d49d4606eb801b8f01ae542b4afc4c6ee3d84a"
  version = "v0.5.0"

[[projects]]
  name = "github.com/sirupsen/logrus"
  packages = ["."]
  revision = "8c0189d9f6bbf301e5d055d34268156b317016af"

[[projects]]
  name = "github.com/spf13/afero"
  packages = [
    ".",
    "mem"
  ]
  revision = "9be650865eab0c12963d8753212f4f9c66cdcf12"

[[projects]]
  name = "github.com/spf13/cast"
  packages = ["."]
  revision = "ce135a4ebeee6cfe9a26c93ee0d37825f26113c7"
  version = "v1.0.0"

[[projects]]
  name = "github.com/spf13/jwalterweatherman"
  packages = ["."]
  revision = "fa7ca7e836cf3a8bb4ebf799f472c12d7e903d66"

[[projects]]
  branch = "master"
  name = "github.com/spf13/pflag"
  packages = ["."]
  revision = "ee5fd03fd6acfd43e44aea0b4135958546ed8e73"

[[projects]]
  name = "github.com/spf13/viper"
  packages = ["."]
  revision = "7538d73b4eb9511d85a9f1dfef202eeb8ac260f4"

[[projects]]
  name = "golang.org/x/crypto"
  packages = ["ssh/terminal"]
  revision = "f160b6bf95857cd862817875dd958be022e587c4"

[[projects]]
  name = "golang.org/x/sys"
  packages = ["unix"]
  revision = "e82cb4d7dffc35bcec7bc8bf9e402377e0ecf3f4"

[[projects]]
  name = "golang.org/x/text"
  packages = [
    "internal/gen",
    "internal/triegen",
    "internal/ucd",
    "transform",
    "unicode/cldr",
    "unicode/norm"
  ]
  revision = "f28f36722d5ef2f9655ad3de1f248e3e52ad5ebd"

[[projects]]
  name = "gopkg.in/yaml.v2"
  packages = ["."]
  revision = "a3f3340b5840cee44f372bddb5880fcbc419b46a"

[solve-meta]
  analyzer-name = "dep"
  analyzer-version = 1
  inputs-digest = "693342fd3696977d24db9fbf76aabc58b5a94c35caf09365fac95b676734d577"
  solver-name = "gps-cdcl"
  solver-version = 1
